
Microsoft Visual Studio Solution File, Format Version 12.00
# Visual Studio Version 16
VisualStudioVersion = 16.0.31729.503
MinimumVisualStudioVersion = 10.0.40219.1
Project("{9A19103F-16F7-4668-BE54-9A1E7A4F7556}") = "libMatrix", "libMatrix.csproj", "{8FC9E7EC-6441-44A6-99D1-223C0B2546A5}"
EndProject
Global
	GlobalSection(SolutionConfigurationPlatforms) = preSolution
		Debug|Any CPU = Debug|Any CPU
		Release|Any CPU = Release|Any CPU
	EndGlobalSection
	GlobalSection(ProjectConfigurationPlatforms) = postSolution
		{8FC9E7EC-6441-44A6-99D1-223C0B2546A5}.Debug|Any CPU.ActiveCfg = Debug|Any CPU
		{8FC9E7EC-6441-44A6-99D1-223C0B2546A5}.Debug|Any CPU.Build.0 = Debug|Any CPU
		{8FC9E7EC-6441-44A6-99D1-223C0B2546A5}.Release|Any CPU.ActiveCfg = Release|Any CPU
		{8FC9E7EC-6441-44A6-99D1-223C0B2546A5}.Release|Any CPU.Build.0 = Release|Any CPU
	EndGlobalSection
	GlobalSection(SolutionProperties) = preSolution
		HideSolutionNode = FALSE
	EndGlobalSection
	GlobalSection(ExtensibilityGlobals) = postSolution
		SolutionGuid = {4710A134-E8F8-4664-96B7-18BD22FDF389}
	EndGlobalSection
EndGlobal
